# THIS IS AN AUTOGENERATED FILE. DO NOT EDIT THIS FILE DIRECTLY.
# yarn lockfile v1


react-native-toast-message@^2.2.1:
  version "2.2.1"
  resolved "https://registry.yarnpkg.com/react-native-toast-message/-/react-native-toast-message-2.2.1.tgz#f395321e9bc818ce63274c38a3d294ed997a4a27"
  integrity sha512-iXFMnlxPcgKKs4bZOIl06W16m6KXMh/bAYpWLyVXlISSCdcL2+FX5WPpRP3TGQeM/u9q+j5ex48DDY+72en+Sw==
